
Microsoft Visual Studio Solution File, Format Version 12.00
# Visual Studio 15
VisualStudioVersion = 15.0.28307.421
MinimumVisualStudioVersion = 10.0.40219.1
Project("{FAE04EC0-301F-11D3-BF4B-00C04F79EFBC}") = "PerlaDelSur_DAL", "CapaDatos\PerlaDelSur_DAL.csproj", "{2EB84C29-251E-4037-B755-25603A58DB04}"
EndProject
Project("{FAE04EC0-301F-11D3-BF4B-00C04F79EFBC}") = "PerlaDelSur_Entity", "CapaEntidad\PerlaDelSur_Entity.csproj", "{FB7CE717-4964-434E-9556-2BE7D9B3906C}"
EndProject
Project("{FAE04EC0-301F-11D3-BF4B-00C04F79EFBC}") = "PerlaDelSur_BLL", "CapaNegocio\PerlaDelSur_BLL.csproj", "{FF66C60E-43D1-4BC8-B7E3-C719BE2E5C41}"
EndProject
Project("{FAE04EC0-301F-11D3-BF4B-00C04F79EFBC}") = "PerlaDelSur_UI", "CapaPresentacion\PerlaDelSur_UI.csproj", "{4A793DA8-8E06-4BCF-9225-ADB45E3F1A3A}"
EndProject
Global
	GlobalSection(SolutionConfigurationPlatforms) = preSolution
		Debug|Any CPU = Debug|Any CPU
		Release|Any CPU = Release|Any CPU
	EndGlobalSection
	GlobalSection(ProjectConfigurationPlatforms) = postSolution
		{2EB84C29-251E-4037-B755-25603A58DB04}.Debug|Any CPU.ActiveCfg = Debug|Any CPU
		{2EB84C29-251E-4037-B755-25603A58DB04}.Debug|Any CPU.Build.0 = Debug|Any CPU
		{2EB84C29-251E-4037-B755-25603A58DB04}.Release|Any CPU.ActiveCfg = Release|Any CPU
		{2EB84C29-251E-4037-B755-25603A58DB04}.Release|Any CPU.Build.0 = Release|Any CPU
		{FB7CE717-4964-434E-9556-2BE7D9B3906C}.Debug|Any CPU.ActiveCfg = Debug|Any CPU
		{FB7CE717-4964-434E-9556-2BE7D9B3906C}.Debug|Any CPU.Build.0 = Debug|Any CPU
		{FB7CE717-4964-434E-9556-2BE7D9B3906C}.Release|Any CPU.ActiveCfg = Release|Any CPU
		{FB7CE717-4964-434E-9556-2BE7D9B3906C}.Release|Any CPU.Build.0 = Release|Any CPU
		{FF66C60E-43D1-4BC8-B7E3-C719BE2E5C41}.Debug|Any CPU.ActiveCfg = Debug|Any CPU
		{FF66C60E-43D1-4BC8-B7E3-C719BE2E5C41}.Debug|Any CPU.Build.0 = Debug|Any CPU
		{FF66C60E-43D1-4BC8-B7E3-C719BE2E5C41}.Release|Any CPU.ActiveCfg = Release|Any CPU
		{FF66C60E-43D1-4BC8-B7E3-C719BE2E5C41}.Release|Any CPU.Build.0 = Release|Any CPU
		{4A793DA8-8E06-4BCF-9225-ADB45E3F1A3A}.Debug|Any CPU.ActiveCfg = Debug|Any CPU
		{4A793DA8-8E06-4BCF-9225-ADB45E3F1A3A}.Debug|Any CPU.Build.0 = Debug|Any CPU
		{4A793DA8-8E06-4BCF-9225-ADB45E3F1A3A}.Release|Any CPU.ActiveCfg = Release|Any CPU
		{4A793DA8-8E06-4BCF-9225-ADB45E3F1A3A}.Release|Any CPU.Build.0 = Release|Any CPU
	EndGlobalSection
	GlobalSection(SolutionProperties) = preSolution
		HideSolutionNode = FALSE
	EndGlobalSection
	GlobalSection(ExtensibilityGlobals) = postSolution
		SolutionGuid = {99373364-5CBB-4271-9943-AC6465BA345B}
	EndGlobalSection
EndGlobal
